
Microsoft Visual Studio Solution File, Format Version 12.00
# Visual Studio Version 16
VisualStudioVersion = 16.0.31019.35
MinimumVisualStudioVersion = 10.0.40219.1
Project("{FAE04EC0-301F-11D3-BF4B-00C04F79EFBC}") = "IntegerSet", "ConsoleApp1\IntegerSet.csproj", "{2770D859-9BC6-44D2-94BA-3746D5C7ECB7}"
EndProject
Project("{FAE04EC0-301F-11D3-BF4B-00C04F79EFBC}") = "Calculator", "WpfApp1\Calculator.csproj", "{4E7E5626-3158-48EE-B3A3-BFFBC5CB8016}"
EndProject
Project("{FAE04EC0-301F-11D3-BF4B-00C04F79EFBC}") = "DataBoundCalculator", "WpfApp2\DataBoundCalculator.csproj", "{2CF1DC59-7CE8-440C-AF77-B1428FAB7F30}"
EndProject
Project("{FAE04EC0-301F-11D3-BF4B-00C04F79EFBC}") = "RandomShapes", "WpfApp3\RandomShapes.csproj", "{B7930F4A-ABCB-4C24-8522-41703DD28FCB}"
EndProject
Project("{FAE04EC0-301F-11D3-BF4B-00C04F79EFBC}") = "HW1", "HW1\HW1.csproj", "{97BBB672-DADB-445E-BA62-386AAB2F64B9}"
EndProject
Project("{FAE04EC0-301F-11D3-BF4B-00C04F79EFBC}") = "ObservableCollections", "ObservableCollections\ObservableCollections.csproj", "{C8A20FF2-ECBC-427F-9F05-9C284BFFAC5A}"
EndProject
Project("{FAE04EC0-301F-11D3-BF4B-00C04F79EFBC}") = "MousePosition", "..\..\Desktop\MousePosition\MousePosition\MousePosition.csproj", "{D1EA4222-0C5E-42DD-B5E5-2AA68993E98C}"
EndProject
Project("{FAE04EC0-301F-11D3-BF4B-00C04F79EFBC}") = "PaddleDemo", "PaddleDemo\PaddleDemo.csproj", "{A0BD60CB-C53B-4F80-B48E-E02363908876}"
EndProject
Global
	GlobalSection(SolutionConfigurationPlatforms) = preSolution
		Debug|Any CPU = Debug|Any CPU
		Release|Any CPU = Release|Any CPU
	EndGlobalSection
	GlobalSection(ProjectConfigurationPlatforms) = postSolution
		{2770D859-9BC6-44D2-94BA-3746D5C7ECB7}.Debug|Any CPU.ActiveCfg = Debug|Any CPU
		{2770D859-9BC6-44D2-94BA-3746D5C7ECB7}.Debug|Any CPU.Build.0 = Debug|Any CPU
		{2770D859-9BC6-44D2-94BA-3746D5C7ECB7}.Release|Any CPU.ActiveCfg = Release|Any CPU
		{2770D859-9BC6-44D2-94BA-3746D5C7ECB7}.Release|Any CPU.Build.0 = Release|Any CPU
		{4E7E5626-3158-48EE-B3A3-BFFBC5CB8016}.Debug|Any CPU.ActiveCfg = Debug|Any CPU
		{4E7E5626-3158-48EE-B3A3-BFFBC5CB8016}.Debug|Any CPU.Build.0 = Debug|Any CPU
		{4E7E5626-3158-48EE-B3A3-BFFBC5CB8016}.Release|Any CPU.ActiveCfg = Release|Any CPU
		{4E7E5626-3158-48EE-B3A3-BFFBC5CB8016}.Release|Any CPU.Build.0 = Release|Any CPU
		{2CF1DC59-7CE8-440C-AF77-B1428FAB7F30}.Debug|Any CPU.ActiveCfg = Debug|Any CPU
		{2CF1DC59-7CE8-440C-AF77-B1428FAB7F30}.Debug|Any CPU.Build.0 = Debug|Any CPU
		{2CF1DC59-7CE8-440C-AF77-B1428FAB7F30}.Release|Any CPU.ActiveCfg = Release|Any CPU
		{2CF1DC59-7CE8-440C-AF77-B1428FAB7F30}.Release|Any CPU.Build.0 = Release|Any CPU
		{B7930F4A-ABCB-4C24-8522-41703DD28FCB}.Debug|Any CPU.ActiveCfg = Debug|Any CPU
		{B7930F4A-ABCB-4C24-8522-41703DD28FCB}.Debug|Any CPU.Build.0 = Debug|Any CPU
		{B7930F4A-ABCB-4C24-8522-41703DD28FCB}.Release|Any CPU.ActiveCfg = Release|Any CPU
		{B7930F4A-ABCB-4C24-8522-41703DD28FCB}.Release|Any CPU.Build.0 = Release|Any CPU
		{97BBB672-DADB-445E-BA62-386AAB2F64B9}.Debug|Any CPU.ActiveCfg = Debug|Any CPU
		{97BBB672-DADB-445E-BA62-386AAB2F64B9}.Debug|Any CPU.Build.0 = Debug|Any CPU
		{97BBB672-DADB-445E-BA62-386AAB2F64B9}.Release|Any CPU.ActiveCfg = Release|Any CPU
		{97BBB672-DADB-445E-BA62-386AAB2F64B9}.Release|Any CPU.Build.0 = Release|Any CPU
		{C8A20FF2-ECBC-427F-9F05-9C284BFFAC5A}.Debug|Any CPU.ActiveCfg = Debug|Any CPU
		{C8A20FF2-ECBC-427F-9F05-9C284BFFAC5A}.Debug|Any CPU.Build.0 = Debug|Any CPU
		{C8A20FF2-ECBC-427F-9F05-9C284BFFAC5A}.Release|Any CPU.ActiveCfg = Release|Any CPU
		{C8A20FF2-ECBC-427F-9F05-9C284BFFAC5A}.Release|Any CPU.Build.0 = Release|Any CPU
		{D1EA4222-0C5E-42DD-B5E5-2AA68993E98C}.Debug|Any CPU.ActiveCfg = Debug|Any CPU
		{D1EA4222-0C5E-42DD-B5E5-2AA68993E98C}.Debug|Any CPU.Build.0 = Debug|Any CPU
		{D1EA4222-0C5E-42DD-B5E5-2AA68993E98C}.Release|Any CPU.ActiveCfg = Release|Any CPU
		{D1EA4222-0C5E-42DD-B5E5-2AA68993E98C}.Release|Any CPU.Build.0 = Release|Any CPU
		{A0BD60CB-C53B-4F80-B48E-E02363908876}.Debug|Any CPU.ActiveCfg = Debug|Any CPU
		{A0BD60CB-C53B-4F80-B48E-E02363908876}.Debug|Any CPU.Build.0 = Debug|Any CPU
		{A0BD60CB-C53B-4F80-B48E-E02363908876}.Release|Any CPU.ActiveCfg = Release|Any CPU
		{A0BD60CB-C53B-4F80-B48E-E02363908876}.Release|Any CPU.Build.0 = Release|Any CPU
	EndGlobalSection
	GlobalSection(SolutionProperties) = preSolution
		HideSolutionNode = FALSE
	EndGlobalSection
	GlobalSection(ExtensibilityGlobals) = postSolution
		SolutionGuid = {22E248F5-8DA4-4201-A533-2ED5C21774BC}
	EndGlobalSection
EndGlobal
